
Microsoft Visual Studio Solution File, Format Version 12.00
# Visual Studio Version 17
VisualStudioVersion = 17.11.35303.130
MinimumVisualStudioVersion = 10.0.40219.1
Project("{FAE04EC0-301F-11D3-BF4B-00C04F79EFBC}") = "Bai 4.1", "Bai 4.1\Bai 4.1.csproj", "{44C2BD51-4A89-477F-B010-61F5484D7DDA}"
EndProject
Project("{FAE04EC0-301F-11D3-BF4B-00C04F79EFBC}") = "Bai 4.2", "Bai 4.2\Bai 4.2.csproj", "{01BD1329-CECE-465B-AC29-FC8033BD9BAD}"
EndProject
Project("{FAE04EC0-301F-11D3-BF4B-00C04F79EFBC}") = "Bai 4.3", "Bai 4.3\Bai 4.3.csproj", "{75872BEB-59C9-4774-84CA-BB52C5CCD032}"
EndProject
Project("{FAE04EC0-301F-11D3-BF4B-00C04F79EFBC}") = "Bai 4.4", "Bai 4.4\Bai 4.4.csproj", "{8E72B227-091B-4C32-8E80-952489BF1405}"
EndProject
Project("{FAE04EC0-301F-11D3-BF4B-00C04F79EFBC}") = "Bai 4.5", "Bai 4.5\Bai 4.5.csproj", "{50331B83-D7E7-4626-ADAF-92219F96C9AB}"
EndProject
Project("{FAE04EC0-301F-11D3-BF4B-00C04F79EFBC}") = "Bai 4.6", "Bai 4.6\Bai 4.6.csproj", "{563CCEEE-4D7B-4F07-9F87-C459EF848D22}"
EndProject
Project("{FAE04EC0-301F-11D3-BF4B-00C04F79EFBC}") = "Bai 4.7", "Bai 4.7\Bai 4.7.csproj", "{F31320B6-889E-4A40-9F20-527AB1BE9B98}"
EndProject
Global
	GlobalSection(SolutionConfigurationPlatforms) = preSolution
		Debug|Any CPU = Debug|Any CPU
		Release|Any CPU = Release|Any CPU
	EndGlobalSection
	GlobalSection(ProjectConfigurationPlatforms) = postSolution
		{44C2BD51-4A89-477F-B010-61F5484D7DDA}.Debug|Any CPU.ActiveCfg = Debug|Any CPU
		{44C2BD51-4A89-477F-B010-61F5484D7DDA}.Debug|Any CPU.Build.0 = Debug|Any CPU
		{44C2BD51-4A89-477F-B010-61F5484D7DDA}.Release|Any CPU.ActiveCfg = Release|Any CPU
		{44C2BD51-4A89-477F-B010-61F5484D7DDA}.Release|Any CPU.Build.0 = Release|Any CPU
		{01BD1329-CECE-465B-AC29-FC8033BD9BAD}.Debug|Any CPU.ActiveCfg = Debug|Any CPU
		{01BD1329-CECE-465B-AC29-FC8033BD9BAD}.Debug|Any CPU.Build.0 = Debug|Any CPU
		{01BD1329-CECE-465B-AC29-FC8033BD9BAD}.Release|Any CPU.ActiveCfg = Release|Any CPU
		{01BD1329-CECE-465B-AC29-FC8033BD9BAD}.Release|Any CPU.Build.0 = Release|Any CPU
		{75872BEB-59C9-4774-84CA-BB52C5CCD032}.Debug|Any CPU.ActiveCfg = Debug|Any CPU
		{75872BEB-59C9-4774-84CA-BB52C5CCD032}.Debug|Any CPU.Build.0 = Debug|Any CPU
		{75872BEB-59C9-4774-84CA-BB52C5CCD032}.Release|Any CPU.ActiveCfg = Release|Any CPU
		{75872BEB-59C9-4774-84CA-BB52C5CCD032}.Release|Any CPU.Build.0 = Release|Any CPU
		{8E72B227-091B-4C32-8E80-952489BF1405}.Debug|Any CPU.ActiveCfg = Debug|Any CPU
		{8E72B227-091B-4C32-8E80-952489BF1405}.Debug|Any CPU.Build.0 = Debug|Any CPU
		{8E72B227-091B-4C32-8E80-952489BF1405}.Release|Any CPU.ActiveCfg = Release|Any CPU
		{8E72B227-091B-4C32-8E80-952489BF1405}.Release|Any CPU.Build.0 = Release|Any CPU
		{50331B83-D7E7-4626-ADAF-92219F96C9AB}.Debug|Any CPU.ActiveCfg = Debug|Any CPU
		{50331B83-D7E7-4626-ADAF-92219F96C9AB}.Debug|Any CPU.Build.0 = Debug|Any CPU
		{50331B83-D7E7-4626-ADAF-92219F96C9AB}.Release|Any CPU.ActiveCfg = Release|Any CPU
		{50331B83-D7E7-4626-ADAF-92219F96C9AB}.Release|Any CPU.Build.0 = Release|Any CPU
		{563CCEEE-4D7B-4F07-9F87-C459EF848D22}.Debug|Any CPU.ActiveCfg = Debug|Any CPU
		{563CCEEE-4D7B-4F07-9F87-C459EF848D22}.Debug|Any CPU.Build.0 = Debug|Any CPU
		{563CCEEE-4D7B-4F07-9F87-C459EF848D22}.Release|Any CPU.ActiveCfg = Release|Any CPU
		{563CCEEE-4D7B-4F07-9F87-C459EF848D22}.Release|Any CPU.Build.0 = Release|Any CPU
		{F31320B6-889E-4A40-9F20-527AB1BE9B98}.Debug|Any CPU.ActiveCfg = Debug|Any CPU
		{F31320B6-889E-4A40-9F20-527AB1BE9B98}.Debug|Any CPU.Build.0 = Debug|Any CPU
		{F31320B6-889E-4A40-9F20-527AB1BE9B98}.Release|Any CPU.ActiveCfg = Release|Any CPU
		{F31320B6-889E-4A40-9F20-527AB1BE9B98}.Release|Any CPU.Build.0 = Release|Any CPU
	EndGlobalSection
	GlobalSection(SolutionProperties) = preSolution
		HideSolutionNode = FALSE
	EndGlobalSection
	GlobalSection(ExtensibilityGlobals) = postSolution
		SolutionGuid = {18A5D724-9682-40A6-84DB-7C21F36A08AC}
	EndGlobalSection
EndGlobal
